
Microsoft Visual Studio Solution File, Format Version 12.00
# Visual Studio Version 17
VisualStudioVersion = 17.2.32526.322
MinimumVisualStudioVersion = 10.0.40219.1
Project("{FAE04EC0-301F-11D3-BF4B-00C04F79EFBC}") = "saloAula7Desafio", "saloAula7Desafio.csproj", "{EDD0A764-030D-4B41-9A62-05C4A3C03138}"
EndProject
Global
	GlobalSection(SolutionConfigurationPlatforms) = preSolution
		Debug|Any CPU = Debug|Any CPU
		Release|Any CPU = Release|Any CPU
	EndGlobalSection
	GlobalSection(ProjectConfigurationPlatforms) = postSolution
		{EDD0A764-030D-4B41-9A62-05C4A3C03138}.Debug|Any CPU.ActiveCfg = Debug|Any CPU
		{EDD0A764-030D-4B41-9A62-05C4A3C03138}.Debug|Any CPU.Build.0 = Debug|Any CPU
		{EDD0A764-030D-4B41-9A62-05C4A3C03138}.Release|Any CPU.ActiveCfg = Release|Any CPU
		{EDD0A764-030D-4B41-9A62-05C4A3C03138}.Release|Any CPU.Build.0 = Release|Any CPU
	EndGlobalSection
	GlobalSection(SolutionProperties) = preSolution
		HideSolutionNode = FALSE
	EndGlobalSection
	GlobalSection(ExtensibilityGlobals) = postSolution
		SolutionGuid = {9B7F3DE1-085D-484A-B77A-6A07F000F945}
	EndGlobalSection
EndGlobal
