
Microsoft Visual Studio Solution File, Format Version 12.00
# Visual Studio Version 17
VisualStudioVersion = 17.2.32526.322
MinimumVisualStudioVersion = 10.0.40219.1
Project("{FAE04EC0-301F-11D3-BF4B-00C04F79EFBC}") = "saloAula7Mesa", "saloAula7Mesa.csproj", "{003FB900-DC2A-4002-B078-E8042D0CDABC}"
EndProject
Global
	GlobalSection(SolutionConfigurationPlatforms) = preSolution
		Debug|Any CPU = Debug|Any CPU
		Release|Any CPU = Release|Any CPU
	EndGlobalSection
	GlobalSection(ProjectConfigurationPlatforms) = postSolution
		{003FB900-DC2A-4002-B078-E8042D0CDABC}.Debug|Any CPU.ActiveCfg = Debug|Any CPU
		{003FB900-DC2A-4002-B078-E8042D0CDABC}.Debug|Any CPU.Build.0 = Debug|Any CPU
		{003FB900-DC2A-4002-B078-E8042D0CDABC}.Release|Any CPU.ActiveCfg = Release|Any CPU
		{003FB900-DC2A-4002-B078-E8042D0CDABC}.Release|Any CPU.Build.0 = Release|Any CPU
	EndGlobalSection
	GlobalSection(SolutionProperties) = preSolution
		HideSolutionNode = FALSE
	EndGlobalSection
	GlobalSection(ExtensibilityGlobals) = postSolution
		SolutionGuid = {6BDD31D1-1428-4BEF-A228-78FFE73156E3}
	EndGlobalSection
EndGlobal
